// !$*UTF8*$!
{
	archiveVersion = 1;
	classes = {
	};
	objectVersion = 50;
	objects = {

/* Begin PBXBuildFile section */
		5C75B64C209AFD2400C55E3B /* UIWebController.m in Sources */ = {isa = PBXBuildFile; fileRef = 5C75B64B209AFD2400C55E3B /* UIWebController.m */; };
		5C75B64F209AFD8B00C55E3B /* JSObject.m in Sources */ = {isa = PBXBuildFile; fileRef = 5C75B64E209AFD8B00C55E3B /* JSObject.m */; };
		5C8DA9A0209FE8A0004DD0EA /* JavaScriptCore.framework in Frameworks */ = {isa = PBXBuildFile; fileRef = 5C8DA99F209FE8A0004DD0EA /* JavaScriptCore.framework */; };
		5C980496209ADED300C16B96 /* AppDelegate.swift in Sources */ = {isa = PBXBuildFile; fileRef = 5C980495209ADED300C16B96 /* AppDelegate.swift */; };
		5C980498209ADED300C16B96 /* ViewController.swift in Sources */ = {isa = PBXBuildFile; fileRef = 5C980497209ADED300C16B96 /* ViewController.swift */; };
		5C98049B209ADED300C16B96 /* Main.storyboard in Resources */ = {isa = PBXBuildFile; fileRef = 5C980499209ADED300C16B96 /* Main.storyboard */; };
		5C98049D209ADED500C16B96 /* Assets.xcassets in Resources */ = {isa = PBXBuildFile; fileRef = 5C98049C209ADED500C16B96 /* Assets.xcassets */; };
		5C9804A0209ADED500C16B96 /* LaunchScreen.storyboard in Resources */ = {isa = PBXBuildFile; fileRef = 5C98049E209ADED500C16B96 /* LaunchScreen.storyboard */; };
		5C9804AA209AE13A00C16B96 /* WKWebController.swift in Sources */ = {isa = PBXBuildFile; fileRef = 5C9804A9209AE13A00C16B96 /* WKWebController.swift */; };
		5C9804AC209AF1E400C16B96 /* ui.html in Resources */ = {isa = PBXBuildFile; fileRef = 5C9804AB209AF1E400C16B96 /* ui.html */; };
		5CCDCB79209C014A00AB06BB /* wk.html in Resources */ = {isa = PBXBuildFile; fileRef = 5CCDCB78209C014A00AB06BB /* wk.html */; };
/* End PBXBuildFile section */

/* Begin PBXFileReference section */
		5C75B649209AFD2300C55E3B /* Demo-Bridging-Header.h */ = {isa = PBXFileReference; lastKnownFileType = sourcecode.c.h; path = "Demo-Bridging-Header.h"; sourceTree = "<group>"; };
		5C75B64A209AFD2400C55E3B /* UIWebController.h */ = {isa = PBXFileReference; lastKnownFileType = sourcecode.c.h; path = UIWebController.h; sourceTree = "<group>"; };
		5C75B64B209AFD2400C55E3B /* UIWebController.m */ = {isa = PBXFileReference; lastKnownFileType = sourcecode.c.objc; path = UIWebController.m; sourceTree = "<group>"; };
		5C75B64D209AFD8B00C55E3B /* JSObject.h */ = {isa = PBXFileReference; lastKnownFileType = sourcecode.c.h; path = JSObject.h; sourceTree = "<group>"; };
		5C75B64E209AFD8B00C55E3B /* JSObject.m */ = {isa = PBXFileReference; lastKnownFileType = sourcecode.c.objc; path = JSObject.m; sourceTree = "<group>"; };
		5C8DA99F209FE8A0004DD0EA /* JavaScriptCore.framework */ = {isa = PBXFileReference; lastKnownFileType = wrapper.framework; name = JavaScriptCore.framework; path = System/Library/Frameworks/JavaScriptCore.framework; sourceTree = SDKROOT; };
		5C980492209ADED300C16B96 /* Demo.app */ = {isa = PBXFileReference; explicitFileType = wrapper.application; includeInIndex = 0; path = Demo.app; sourceTree = BUILT_PRODUCTS_DIR; };
		5C980495209ADED300C16B96 /* AppDelegate.swift */ = {isa = PBXFileReference; lastKnownFileType = sourcecode.swift; path = AppDelegate.swift; sourceTree = "<group>"; };
		5C980497209ADED300C16B96 /* ViewController.swift */ = {isa = PBXFileReference; lastKnownFileType = sourcecode.swift; path = ViewController.swift; sourceTree = "<group>"; };
		5C98049A209ADED300C16B96 /* Base */ = {isa = PBXFileReference; lastKnownFileType = file.storyboard; name = Base; path = Base.lproj/Main.storyboard; sourceTree = "<group>"; };
		5C98049C209ADED500C16B96 /* Assets.xcassets */ = {isa = PBXFileReference; lastKnownFileType = folder.assetcatalog; path = Assets.xcassets; sourceTree = "<group>"; };
		5C98049F209ADED500C16B96 /* Base */ = {isa = PBXFileReference; lastKnownFileType = file.storyboard; name = Base; path = Base.lproj/LaunchScreen.storyboard; sourceTree = "<group>"; };
		5C9804A1209ADED500C16B96 /* Info.plist */ = {isa = PBXFileReference; lastKnownFileType = text.plist.xml; path = Info.plist; sourceTree = "<group>"; };
		5C9804A9209AE13A00C16B96 /* WKWebController.swift */ = {isa = PBXFileReference; lastKnownFileType = sourcecode.swift; path = WKWebController.swift; sourceTree = "<group>"; };
		5C9804AB209AF1E400C16B96 /* ui.html */ = {isa = PBXFileReference; fileEncoding = 4; lastKnownFileType = text.html; path = ui.html; sourceTree = "<group>"; };
		5CCDCB78209C014A00AB06BB /* wk.html */ = {isa = PBXFileReference; fileEncoding = 4; lastKnownFileType = text.html; path = wk.html; sourceTree = "<group>"; };
/* End PBXFileReference section */

/* Begin PBXFrameworksBuildPhase section */
		5C98048F209ADED300C16B96 /* Frameworks */ = {
			isa = PBXFrameworksBuildPhase;
			buildActionMask = 2147483647;
			files = (
				5C8DA9A0209FE8A0004DD0EA /* JavaScriptCore.framework in Frameworks */,
			);
			runOnlyForDeploymentPostprocessing = 0;
		};
/* End PBXFrameworksBuildPhase section */

/* Begin PBXGroup section */
		5C8DA99E209FE8A0004DD0EA /* Frameworks */ = {
			isa = PBXGroup;
			children = (
				5C8DA99F209FE8A0004DD0EA /* JavaScriptCore.framework */,
			);
			name = Frameworks;
			sourceTree = "<group>";
		};
		5C980489209ADED300C16B96 = {
			isa = PBXGroup;
			children = (
				5C980494209ADED300C16B96 /* Demo */,
				5C980493209ADED300C16B96 /* Products */,
				5C8DA99E209FE8A0004DD0EA /* Frameworks */,
			);
			sourceTree = "<group>";
		};
		5C980493209ADED300C16B96 /* Products */ = {
			isa = PBXGroup;
			children = (
				5C980492209ADED300C16B96 /* Demo.app */,
			);
			name = Products;
			sourceTree = "<group>";
		};
		5C980494209ADED300C16B96 /* Demo */ = {
			isa = PBXGroup;
			children = (
				5C9804AB209AF1E400C16B96 /* ui.html */,
				5CCDCB78209C014A00AB06BB /* wk.html */,
				5C980495209ADED300C16B96 /* AppDelegate.swift */,
				5C980497209ADED300C16B96 /* ViewController.swift */,
				5C75B64D209AFD8B00C55E3B /* JSObject.h */,
				5C75B64E209AFD8B00C55E3B /* JSObject.m */,
				5C75B64A209AFD2400C55E3B /* UIWebController.h */,
				5C75B64B209AFD2400C55E3B /* UIWebController.m */,
				5C9804A9209AE13A00C16B96 /* WKWebController.swift */,
				5C980499209ADED300C16B96 /* Main.storyboard */,
				5C75B649209AFD2300C55E3B /* Demo-Bridging-Header.h */,
				5C98049C209ADED500C16B96 /* Assets.xcassets */,
				5C98049E209ADED500C16B96 /* LaunchScreen.storyboard */,
				5C9804A1209ADED500C16B96 /* Info.plist */,
			);
			path = Demo;
			sourceTree = "<group>";
		};
/* End PBXGroup section */

/* Begin PBXNativeTarget section */
		5C980491209ADED300C16B96 /* Demo */ = {
			isa = PBXNativeTarget;
			buildConfigurationList = 5C9804A4209ADED500C16B96 /* Build configuration list for PBXNativeTarget "Demo" */;
			buildPhases = (
				5C98048E209ADED300C16B96 /* Sources */,
				5C98048F209ADED300C16B96 /* Frameworks */,
				5C980490209ADED300C16B96 /* Resources */,
			);
			buildRules = (
			);
			dependencies = (
			);
			name = Demo;
			productName = Demo;
			productReference = 5C980492209ADED300C16B96 /* Demo.app */;
			productType = "com.apple.product-type.application";
		};
/* End PBXNativeTarget section */

/* Begin PBXProject section */
		5C98048A209ADED300C16B96 /* Project object */ = {
			isa = PBXProject;
			attributes = {
				LastSwiftUpdateCheck = 0930;
				LastUpgradeCheck = 0930;
				ORGANIZATIONNAME = yefa;
				TargetAttributes = {
					5C980491209ADED300C16B96 = {
						CreatedOnToolsVersion = 9.3;
						LastSwiftMigration = 0930;
						SystemCapabilities = {
							com.apple.Maps.iOS = {
								enabled = 0;
							};
						};
					};
				};
			};
			buildConfigurationList = 5C98048D209ADED300C16B96 /* Build configuration list for PBXProject "Demo" */;
			compatibilityVersion = "Xcode 9.3";
			developmentRegion = en;
			hasScannedForEncodings = 0;
			knownRegions = (
				en,
				Base,
			);
			mainGroup = 5C980489209ADED300C16B96;
			productRefGroup = 5C980493209ADED300C16B96 /* Products */;
			projectDirPath = "";
			projectRoot = "";
			targets = (
				5C980491209ADED300C16B96 /* Demo */,
			);
		};
/* End PBXProject section */

/* Begin PBXResourcesBuildPhase section */
		5C980490209ADED300C16B96 /* Resources */ = {
			isa = PBXResourcesBuildPhase;
			buildActionMask = 2147483647;
			files = (
				5C9804AC209AF1E400C16B96 /* ui.html in Resources */,
				5C9804A0209ADED500C16B96 /* LaunchScreen.storyboard in Resources */,
				5CCDCB79209C014A00AB06BB /* wk.html in Resources */,
				5C98049D209ADED500C16B96 /* Assets.xcassets in Resources */,
				5C98049B209ADED300C16B96 /* Main.storyboard in Resources */,
			);
			runOnlyForDeploymentPostprocessing = 0;
		};
/* End PBXResourcesBuildPhase section */

/* Begin PBXSourcesBuildPhase section */
		5C98048E209ADED300C16B96 /* Sources */ = {
			isa = PBXSourcesBuildPhase;
			buildActionMask = 2147483647;
			files = (
				5C9804AA209AE13A00C16B96 /* WKWebController.swift in Sources */,
				5C75B64F209AFD8B00C55E3B /* JSObject.m in Sources */,
				5C980498209ADED300C16B96 /* ViewController.swift in Sources */,
				5C980496209ADED300C16B96 /* AppDelegate.swift in Sources */,
				5C75B64C209AFD2400C55E3B /* UIWebController.m in Sources */,
			);
			runOnlyForDeploymentPostprocessing = 0;
		};
/* End PBXSourcesBuildPhase section */

/* Begin PBXVariantGroup section */
		5C980499209ADED300C16B96 /* Main.storyboard */ = {
			isa = PBXVariantGroup;
			children = (
				5C98049A209ADED300C16B96 /* Base */,
			);
			name = Main.storyboard;
			sourceTree = "<group>";
		};
		5C98049E209ADED500C16B96 /* LaunchScreen.storyboard */ = {
			isa = PBXVariantGroup;
			children = (
				5C98049F209ADED500C16B96 /* Base */,
			);
			name = LaunchScreen.storyboard;
			sourceTree = "<group>";
		};
/* End PBXVariantGroup section */

/* Begin XCBuildConfiguration section */
		5C9804A2209ADED500C16B96 /* Debug */ = {
			isa = XCBuildConfiguration;
			buildSettings = {
				ALWAYS_SEARCH_USER_PATHS = NO;
				CLANG_ANALYZER_NONNULL = YES;
				CLANG_ANALYZER_NUMBER_OBJECT_CONVERSION = YES_AGGRESSIVE;
				CLANG_CXX_LANGUAGE_STANDARD = "gnu++14";
				CLANG_CXX_LIBRARY = "libc++";
				CLANG_ENABLE_MODULES = YES;
				CLANG_ENABLE_OBJC_ARC = YES;
				CLANG_ENABLE_OBJC_WEAK = YES;
				CLANG_WARN_BLOCK_CAPTURE_AUTORELEASING = YES;
				CLANG_WARN_BOOL_CONVERSION = YES;
				CLANG_WARN_COMMA = YES;
				CLANG_WARN_CONSTANT_CONVERSION = YES;
				CLANG_WARN_DEPRECATED_OBJC_IMPLEMENTATIONS = YES;
				CLANG_WARN_DIRECT_OBJC_ISA_USAGE = YES_ERROR;
				CLANG_WARN_DOCUMENTATION_COMMENTS = YES;
				CLANG_WARN_EMPTY_BODY = YES;
				CLANG_WARN_ENUM_CONVERSION = YES;
				CLANG_WARN_INFINITE_RECURSION = YES;
				CLANG_WARN_INT_CONVERSION = YES;
				CLANG_WARN_NON_LITERAL_NULL_CONVERSION = YES;
				CLANG_WARN_OBJC_IMPLICIT_RETAIN_SELF = YES;
				CLANG_WARN_OBJC_LITERAL_CONVERSION = YES;
				CLANG_WARN_OBJC_ROOT_CLASS = YES_ERROR;
				CLANG_WARN_RANGE_LOOP_ANALYSIS = YES;
				CLANG_WARN_STRICT_PROTOTYPES = YES;
				CLANG_WARN_SUSPICIOUS_MOVE = YES;
				CLANG_WARN_UNGUARDED_AVAILABILITY = YES_AGGRESSIVE;
				CLANG_WARN_UNREACHABLE_CODE = YES;
				CLANG_WARN__DUPLICATE_METHOD_MATCH = YES;
				CODE_SIGN_IDENTITY = "iPhone Developer";
				COPY_PHASE_STRIP = NO;
				DEBUG_INFORMATION_FORMAT = dwarf;
				ENABLE_STRICT_OBJC_MSGSEND = YES;
				ENABLE_TESTABILITY = YES;
				GCC_C_LANGUAGE_STANDARD = gnu11;
				GCC_DYNAMIC_NO_PIC = NO;
				GCC_NO_COMMON_BLOCKS = YES;
				GCC_OPTIMIZATION_LEVEL = 0;
				GCC_PREPROCESSOR_DEFINITIONS = (
					"DEBUG=1",
					"$(inherited)",
				);
				GCC_WARN_64_TO_32_BIT_CONVERSION = YES;
				GCC_WARN_ABOUT_RETURN_TYPE = YES_ERROR;
				GCC_WARN_UNDECLARED_SELECTOR = YES;
				GCC_WARN_UNINITIALIZED_AUTOS = YES_AGGRESSIVE;
				GCC_WARN_UNUSED_FUNCTION = YES;
				GCC_WARN_UNUSED_VARIABLE = YES;
				IPHONEOS_DEPLOYMENT_TARGET = 11.3;
				MTL_ENABLE_DEBUG_INFO = YES;
				ONLY_ACTIVE_ARCH = YES;
				SDKROOT = iphoneos;
				SWIFT_ACTIVE_COMPILATION_CONDITIONS = DEBUG;
				SWIFT_OPTIMIZATION_LEVEL = "-Onone";
			};
			name = Debug;
		};
		5C9804A3209ADED500C16B96 /* Release */ = {
			isa = XCBuildConfiguration;
			buildSettings = {
				ALWAYS_SEARCH_USER_PATHS = NO;
				CLANG_ANALYZER_NONNULL = YES;
				CLANG_ANALYZER_NUMBER_OBJECT_CONVERSION = YES_AGGRESSIVE;
				CLANG_CXX_LANGUAGE_STANDARD = "gnu++14";
				CLANG_CXX_LIBRARY = "libc++";
				CLANG_ENABLE_MODULES = YES;
				CLANG_ENABLE_OBJC_ARC = YES;
				CLANG_ENABLE_OBJC_WEAK = YES;
				CLANG_WARN_BLOCK_CAPTURE_AUTORELEASING = YES;
				CLANG_WARN_BOOL_CONVERSION = YES;
				CLANG_WARN_COMMA = YES;
				CLANG_WARN_CONSTANT_CONVERSION = YES;
				CLANG_WARN_DEPRECATED_OBJC_IMPLEMENTATIONS = YES;
				CLANG_WARN_DIRECT_OBJC_ISA_USAGE = YES_ERROR;
				CLANG_WARN_DOCUMENTATION_COMMENTS = YES;
				CLANG_WARN_EMPTY_BODY = YES;
				CLANG_WARN_ENUM_CONVERSION = YES;
				CLANG_WARN_INFINITE_RECURSION = YES;
				CLANG_WARN_INT_CONVERSION = YES;
				CLANG_WARN_NON_LITERAL_NULL_CONVERSION = YES;
				CLANG_WARN_OBJC_IMPLICIT_RETAIN_SELF = YES;
				CLANG_WARN_OBJC_LITERAL_CONVERSION = YES;
				CLANG_WARN_OBJC_ROOT_CLASS = YES_ERROR;
				CLANG_WARN_RANGE_LOOP_ANALYSIS = YES;
				CLANG_WARN_STRICT_PROTOTYPES = YES;
				CLANG_WARN_SUSPICIOUS_MOVE = YES;
				CLANG_WARN_UNGUARDED_AVAILABILITY = YES_AGGRESSIVE;
				CLANG_WARN_UNREACHABLE_CODE = YES;
				CLANG_WARN__DUPLICATE_METHOD_MATCH = YES;
				CODE_SIGN_IDENTITY = "iPhone Developer";
				COPY_PHASE_STRIP = NO;
				DEBUG_INFORMATION_FORMAT = "dwarf-with-dsym";
				ENABLE_NS_ASSERTIONS = NO;
				ENABLE_STRICT_OBJC_MSGSEND = YES;
				GCC_C_LANGUAGE_STANDARD = gnu11;
				GCC_NO_COMMON_BLOCKS = YES;
				GCC_WARN_64_TO_32_BIT_CONVERSION = YES;
				GCC_WARN_ABOUT_RETURN_TYPE = YES_ERROR;
				GCC_WARN_UNDECLARED_SELECTOR = YES;
				GCC_WARN_UNINITIALIZED_AUTOS = YES_AGGRESSIVE;
				GCC_WARN_UNUSED_FUNCTION = YES;
				GCC_WARN_UNUSED_VARIABLE = YES;
				IPHONEOS_DEPLOYMENT_TARGET = 11.3;
				MTL_ENABLE_DEBUG_INFO = NO;
				SDKROOT = iphoneos;
				SWIFT_COMPILATION_MODE = wholemodule;
				SWIFT_OPTIMIZATION_LEVEL = "-O";
				VALIDATE_PRODUCT = YES;
			};
			name = Release;
		};
		5C9804A5209ADED500C16B96 /* Debug */ = {
			isa = XCBuildConfiguration;
			buildSettings = {
				ASSETCATALOG_COMPILER_APPICON_NAME = AppIcon;
				CLANG_ENABLE_MODULES = YES;
				CODE_SIGN_STYLE = Automatic;
				DEVELOPMENT_TEAM = 52Q9S5244E;
				INFOPLIST_FILE = Demo/Info.plist;
				IPHONEOS_DEPLOYMENT_TARGET = 8.0;
				LD_RUNPATH_SEARCH_PATHS = (
					"$(inherited)",
					"@executable_path/Frameworks",
				);
				PRODUCT_BUNDLE_IDENTIFIER = com.dow.dada;
				PRODUCT_NAME = "$(TARGET_NAME)";
				SWIFT_OBJC_BRIDGING_HEADER = "Demo/Demo-Bridging-Header.h";
				SWIFT_OPTIMIZATION_LEVEL = "-Onone";
				SWIFT_VERSION = 4.0;
				TARGETED_DEVICE_FAMILY = "1,2";
			};
			name = Debug;
		};
		5C9804A6209ADED500C16B96 /* Release */ = {
			isa = XCBuildConfiguration;
			buildSettings = {
				ASSETCATALOG_COMPILER_APPICON_NAME = AppIcon;
				CLANG_ENABLE_MODULES = YES;
				CODE_SIGN_STYLE = Automatic;
				DEVELOPMENT_TEAM = 52Q9S5244E;
				INFOPLIST_FILE = Demo/Info.plist;
				IPHONEOS_DEPLOYMENT_TARGET = 8.0;
				LD_RUNPATH_SEARCH_PATHS = (
					"$(inherited)",
					"@executable_path/Frameworks",
				);
				PRODUCT_BUNDLE_IDENTIFIER = com.dow.dada;
				PRODUCT_NAME = "$(TARGET_NAME)";
				SWIFT_OBJC_BRIDGING_HEADER = "Demo/Demo-Bridging-Header.h";
				SWIFT_VERSION = 4.0;
				TARGETED_DEVICE_FAMILY = "1,2";
			};
			name = Release;
		};
/* End XCBuildConfiguration section */

/* Begin XCConfigurationList section */
		5C98048D209ADED300C16B96 /* Build configuration list for PBXProject "Demo" */ = {
			isa = XCConfigurationList;
			buildConfigurations = (
				5C9804A2209ADED500C16B96 /* Debug */,
				5C9804A3209ADED500C16B96 /* Release */,
			);
			defaultConfigurationIsVisible = 0;
			defaultConfigurationName = Release;
		};
		5C9804A4209ADED500C16B96 /* Build configuration list for PBXNativeTarget "Demo" */ = {
			isa = XCConfigurationList;
			buildConfigurations = (
				5C9804A5209ADED500C16B96 /* Debug */,
				5C9804A6209ADED500C16B96 /* Release */,
			);
			defaultConfigurationIsVisible = 0;
			defaultConfigurationName = Release;
		};
/* End XCConfigurationList section */
	};
	rootObject = 5C98048A209ADED300C16B96 /* Project object */;
}
